
Microsoft Visual Studio Solution File, Format Version 12.00
# Visual Studio Version 17
VisualStudioVersion = 17.10.35122.118
MinimumVisualStudioVersion = 10.0.40219.1
Project("{FAE04EC0-301F-11D3-BF4B-00C04F79EFBC}") = "LibraryManagementSystem", "LibraryManagementSystem\LibraryManagementSystem.csproj", "{2374709F-4E76-43C9-B981-90EC1CF430D3}"
EndProject
Global
	GlobalSection(SolutionConfigurationPlatforms) = preSolution
		Debug|Any CPU = Debug|Any CPU
		Release|Any CPU = Release|Any CPU
	EndGlobalSection
	GlobalSection(ProjectConfigurationPlatforms) = postSolution
		{2374709F-4E76-43C9-B981-90EC1CF430D3}.Debug|Any CPU.ActiveCfg = Debug|Any CPU
		{2374709F-4E76-43C9-B981-90EC1CF430D3}.Debug|Any CPU.Build.0 = Debug|Any CPU
		{2374709F-4E76-43C9-B981-90EC1CF430D3}.Release|Any CPU.ActiveCfg = Release|Any CPU
		{2374709F-4E76-43C9-B981-90EC1CF430D3}.Release|Any CPU.Build.0 = Release|Any CPU
	EndGlobalSection
	GlobalSection(SolutionProperties) = preSolution
		HideSolutionNode = FALSE
	EndGlobalSection
	GlobalSection(ExtensibilityGlobals) = postSolution
		SolutionGuid = {91D45F34-71B7-48A8-A3C3-F3CEB06B46D0}
	EndGlobalSection
EndGlobal
